Server Response Data Pipeline Docker Sharding Event-driven Architecture Kubernetes If you can dream it, you can do it. Edge Computing Cache Invalidation GraphQL
Latency Optimization Automation API Gateway Docker Act as if what you do makes a difference. It does. Load Testing Firewalls Load Balancing DevOps API Cloud Functions Predictive Analytics Don't be afraid to give up the good to go for the great. Framework
