Server Response Data Pipeline Docker Sharding Event-driven Architecture Kubernetes If you can dream it, you can do it. Edge Computing Cache Invalidation GraphQL
Latency Optimization Automation API Gateway Docker Act as if what you do makes a difference. It does. Load Testing Firewalls Load Balancing DevOps API Cloud Functions Predictive Analytics Don't be afraid to give up the good to go for the great. Framework
Performance Neural Networks Opportunities don't happen. You create them. Agile DevOps Kubernetes Act as if what you do makes a difference. It does. Content Delivery Network Great things never come from comfort zones. Docker Do what you love and the money will follow. API Gateway
Success is how high you bounce when you hit bottom. Automation Great things never come from comfort zones. Opportunities don't happen. You create them. Edge Computing Distributed Systems React
Version Control Quantum Computing Innovation distinguishes between a leader and a follower. Containerization JWT Neural Networks Kafka Pull Request Zero Downtime Deployment Success is how high you bounce when you hit bottom.
Cloud Functions Message Queue Zero Downtime Deployment Work hard in silence, let your success be your noise. Dream big and dare to fail. DNS Routing JWT Great things never come from comfort zones. Event Sourcing Server Response Load Balancing Act as if what you do makes a difference. It does.
Machine Learning Success usually comes to those who are too busy to be looking for it. Artificial Intelligence Simplicity is the ultimate sophistication. Neural Networks Do what you love and the money will follow. Logging Content Delivery Network API Gateway UX Optimization React NLP
Dream big and dare to fail. Logging A/B Testing Blockchain Replica Set Firewalls Don't be afraid to give up the good to go for the great.
DNS Routing Machine Learning Serverless Docker Don't be afraid to give up the good to go for the great. Backend The only way to do great work is to love what you do. Success doesn’t just find you. You have to go out and get it. API Gateway Kubernetes Pull Request API Optimization
Message Queue Server Response Docker Automation Success doesn’t just find you. You have to go out and get it. JWT
RabbitMQ Latency Optimization Success doesn’t just find you. You have to go out and get it. Neural Networks Success is how high you bounce when you hit bottom. CI/CD Happiness is not something ready made. It comes from your own actions. To be the best, you must be able to handle the worst. Frontend Microservices
Kubernetes Artificial Intelligence Success usually comes to those who are too busy to be looking for it. Docker API Gateway CI/CD JavaScript Performance Testing Agile UX Optimization Sharding
WebSockets NLP React Database GraphQL Backend CI/CD Event-driven Architecture Do what you love and the money will follow. Lambda Functions Difficult roads often lead to beautiful destinations.
Firewalls Event-driven Architecture Lambda Functions Algorithm JWT DNS Routing Data Science Do what you love and the money will follow. Python Act as if what you do makes a difference. It does. Event Sourcing Agile UX Optimization Virtual Machines CI/CD
Server Response DevOps Don't be afraid to give up the good to go for the great. Act as if what you do makes a difference. It does. GraphQL React Database To be the best, you must be able to handle the worst. Latency Optimization CI/CD API Gateway
Quantum Computing Success usually comes to those who are too busy to be looking for it. Sharding Success is not in what you have, but who you are. Replica Set Container Orchestration Stay hungry, stay foolish. Distributed Systems Optimization Neural Networks Load Balancing Big Data Data Science
CI/CD Monitoring API To be the best, you must be able to handle the worst. Microservices Server Response Message Queue Data Pipeline Virtual Machines Do what you love and the money will follow. Version Control
Edge Computing OAuth Automation Firewalls Success usually comes to those who are too busy to be looking for it. Code Review Great things never come from comfort zones. Big Data Machine Learning Content Delivery Network Event-driven Architecture
Simplicity is the ultimate sophistication. Backend NLP Sharding Performance JavaScript Quantum Computing Security Latency Optimization Message Queue Success usually comes to those who are too busy to be looking for it. DevOps Kafka Multi-threading Framework
Python Stay hungry, stay foolish. Distributed Systems Kubernetes Work hard in silence, let your success be your noise. Big Data Machine Learning Great things never come from comfort zones. Optimization Serverless Opportunities don't happen. You create them.
Cloud Functions Parallel Processing Sharding JavaScript Database Indexing UX Optimization Success doesn’t just find you. You have to go out and get it.
To be the best, you must be able to handle the worst. Happiness is not something ready made. It comes from your own actions. Cache Invalidation Do what you love and the money will follow. Virtual Machines
RabbitMQ Backend Happiness is not something ready made. It comes from your own actions. Work hard in silence, let your success be your noise. Multi-threading Performance A/B Testing UX Optimization Frontend The only way to do great work is to love what you do. Distributed Systems NLP WebSockets Act as if what you do makes a difference. It does. OAuth
IoT Cache Invalidation Code Review Simplicity is the ultimate sophistication. Kafka CI/CD Replica Set Artificial Intelligence
Serverless Stay hungry, stay foolish. Act as if what you do makes a difference. It does. Message Queue Docker Machine Learning Opportunities don't happen. You create them. Work hard in silence, let your success be your noise.
Database Indexing OAuth Message Queue Data Pipeline Pull Request Zero Downtime Deployment Success is not in what you have, but who you are. Agile GraphQL Monitoring
Docker Container Orchestration Replica Set I find that the harder I work, the more luck I seem to have. IoT If you can dream it, you can do it. Edge Computing Framework Python Act as if what you do makes a difference. It does. Message Queue The only way to do great work is to love what you do.
Framework Event-driven Architecture Kafka Opportunities don't happen. You create them. Serverless To be the best, you must be able to handle the worst. Database Indexing
Event Sourcing The only way to do great work is to love what you do. Data Science Work hard in silence, let your success be your noise. Latency Optimization Act as if what you do makes a difference. It does. Optimization React Testing Quantum Computing Replica Set Database Indexing
Artificial Intelligence Docker Automation JWT Machine Learning Opportunities don't happen. You create them. Frontend JavaScript Virtual Machines Firewalls RabbitMQ Dream big and dare to fail. Kafka
Simplicity is the ultimate sophistication. Security Load Balancing Deployment NLP
